// !$*UTF8*$!
{
	archiveVersion = 1;
	classes = {
	};
	objectVersion = 50;
	objects = {

/* Begin PBXBuildFile section */
		740C583A20B832E400C7CFA1 /* AppDelegate.swift in Sources */ = {isa = PBXBuildFile; fileRef = 740C583920B832E400C7CFA1 /* AppDelegate.swift */; };
		740C583C20B832E500C7CFA1 /* ViewController.swift in Sources */ = {isa = PBXBuildFile; fileRef = 740C583B20B832E500C7CFA1 /* ViewController.swift */; };
		740C583F20B832E500C7CFA1 /* Main.storyboard in Resources */ = {isa = PBXBuildFile; fileRef = 740C583D20B832E500C7CFA1 /* Main.storyboard */; };
		740C584120B832E500C7CFA1 /* Assets.xcassets in Resources */ = {isa = PBXBuildFile; fileRef = 740C584020B832E500C7CFA1 /* Assets.xcassets */; };
		740C584420B832E500C7CFA1 /* LaunchScreen.storyboard in Resources */ = {isa = PBXBuildFile; fileRef = 740C584220B832E500C7CFA1 /* LaunchScreen.storyboard */; };
		740C584F20B832E500C7CFA1 /* DemoTests.swift in Sources */ = {isa = PBXBuildFile; fileRef = 740C584E20B832E500C7CFA1 /* DemoTests.swift */; };
		740C585A20B832E500C7CFA1 /* DemoUITests.swift in Sources */ = {isa = PBXBuildFile; fileRef = 740C585920B832E500C7CFA1 /* DemoUITests.swift */; };
		740C587020B83FDF00C7CFA1 /* JADropDown.swift in Sources */ = {isa = PBXBuildFile; fileRef = 740C586A20B83FDF00C7CFA1 /* JADropDown.swift */; };
		740C587120B83FDF00C7CFA1 /* Utility.swift in Sources */ = {isa = PBXBuildFile; fileRef = 740C586B20B83FDF00C7CFA1 /* Utility.swift */; };
		740C587220B83FDF00C7CFA1 /* JADropDownCell.xib in Resources */ = {isa = PBXBuildFile; fileRef = 740C586D20B83FDF00C7CFA1 /* JADropDownCell.xib */; };
		740C587320B83FDF00C7CFA1 /* JADropDownCell.swift in Sources */ = {isa = PBXBuildFile; fileRef = 740C586E20B83FDF00C7CFA1 /* JADropDownCell.swift */; };
		740C587420B83FDF00C7CFA1 /* Info.plist in Resources */ = {isa = PBXBuildFile; fileRef = 740C586F20B83FDF00C7CFA1 /* Info.plist */; };
		740C587620B83FFE00C7CFA1 /* JADropDown.framework in Frameworks */ = {isa = PBXBuildFile; fileRef = 740C587520B83FFE00C7CFA1 /* JADropDown.framework */; };
		740C587820B8407100C7CFA1 /* JADropDown.framework in Embed Frameworks */ = {isa = PBXBuildFile; fileRef = 740C587520B83FFE00C7CFA1 /* JADropDown.framework */; settings = {ATTRIBUTES = (CodeSignOnCopy, RemoveHeadersOnCopy, ); }; };
/* End PBXBuildFile section */

/* Begin PBXContainerItemProxy section */
		740C584B20B832E500C7CFA1 /* PBXContainerItemProxy */ = {
			isa = PBXContainerItemProxy;
			containerPortal = 740C582E20B832E400C7CFA1 /* Project object */;
			proxyType = 1;
			remoteGlobalIDString = 740C583520B832E400C7CFA1;
			remoteInfo = Demo;
		};
		740C585620B832E500C7CFA1 /* PBXContainerItemProxy */ = {
			isa = PBXContainerItemProxy;
			containerPortal = 740C582E20B832E400C7CFA1 /* Project object */;
			proxyType = 1;
			remoteGlobalIDString = 740C583520B832E400C7CFA1;
			remoteInfo = Demo;
		};
/* End PBXContainerItemProxy section */

/* Begin PBXCopyFilesBuildPhase section */
		740C587920B8407200C7CFA1 /* Embed Frameworks */ = {
			isa = PBXCopyFilesBuildPhase;
			buildActionMask = 2147483647;
			dstPath = "";
			dstSubfolderSpec = 10;
			files = (
				740C587820B8407100C7CFA1 /* JADropDown.framework in Embed Frameworks */,
			);
			name = "Embed Frameworks";
			runOnlyForDeploymentPostprocessing = 0;
		};
/* End PBXCopyFilesBuildPhase section */

/* Begin PBXFileReference section */
		740C583620B832E400C7CFA1 /* Demo.app */ = {isa = PBXFileReference; explicitFileType = wrapper.application; includeInIndex = 0; path = Demo.app; sourceTree = BUILT_PRODUCTS_DIR; };
		740C583920B832E400C7CFA1 /* AppDelegate.swift */ = {isa = PBXFileReference; lastKnownFileType = sourcecode.swift; path = AppDelegate.swift; sourceTree = "<group>"; };
		740C583B20B832E500C7CFA1 /* ViewController.swift */ = {isa = PBXFileReference; lastKnownFileType = sourcecode.swift; path = ViewController.swift; sourceTree = "<group>"; };
		740C583E20B832E500C7CFA1 /* Base */ = {isa = PBXFileReference; lastKnownFileType = file.storyboard; name = Base; path = Base.lproj/Main.storyboard; sourceTree = "<group>"; };
		740C584020B832E500C7CFA1 /* Assets.xcassets */ = {isa = PBXFileReference; lastKnownFileType = folder.assetcatalog; path = Assets.xcassets; sourceTree = "<group>"; };
		740C584320B832E500C7CFA1 /* Base */ = {isa = PBXFileReference; lastKnownFileType = file.storyboard; name = Base; path = Base.lproj/LaunchScreen.storyboard; sourceTree = "<group>"; };
		740C584520B832E500C7CFA1 /* Info.plist */ = {isa = PBXFileReference; lastKnownFileType = text.plist.xml; path = Info.plist; sourceTree = "<group>"; };
		740C584A20B832E500C7CFA1 /* DemoTests.xctest */ = {isa = PBXFileReference; explicitFileType = wrapper.cfbundle; includeInIndex = 0; path = DemoTests.xctest; sourceTree = BUILT_PRODUCTS_DIR; };
		740C584E20B832E500C7CFA1 /* DemoTests.swift */ = {isa = PBXFileReference; lastKnownFileType = sourcecode.swift; path = DemoTests.swift; sourceTree = "<group>"; };
		740C585020B832E500C7CFA1 /* Info.plist */ = {isa = PBXFileReference; lastKnownFileType = text.plist.xml; path = Info.plist; sourceTree = "<group>"; };
		740C585520B832E500C7CFA1 /* DemoUITests.xctest */ = {isa = PBXFileReference; explicitFileType = wrapper.cfbundle; includeInIndex = 0; path = DemoUITests.xctest; sourceTree = BUILT_PRODUCTS_DIR; };
		740C585920B832E500C7CFA1 /* DemoUITests.swift */ = {isa = PBXFileReference; lastKnownFileType = sourcecode.swift; path = DemoUITests.swift; sourceTree = "<group>"; };
		740C585B20B832E500C7CFA1 /* Info.plist */ = {isa = PBXFileReference; lastKnownFileType = text.plist.xml; path = Info.plist; sourceTree = "<group>"; };
		740C586920B83FDF00C7CFA1 /* JADropDown.h */ = {isa = PBXFileReference; fileEncoding = 4; lastKnownFileType = sourcecode.c.h; path = JADropDown.h; sourceTree = "<group>"; };
		740C586A20B83FDF00C7CFA1 /* JADropDown.swift */ = {isa = PBXFileReference; fileEncoding = 4; lastKnownFileType = sourcecode.swift; path = JADropDown.swift; sourceTree = "<group>"; };
		740C586B20B83FDF00C7CFA1 /* Utility.swift */ = {isa = PBXFileReference; fileEncoding = 4; lastKnownFileType = sourcecode.swift; path = Utility.swift; sourceTree = "<group>"; };
		740C586D20B83FDF00C7CFA1 /* JADropDownCell.xib */ = {isa = PBXFileReference; fileEncoding = 4; lastKnownFileType = file.xib; path = JADropDownCell.xib; sourceTree = "<group>"; };
		740C586E20B83FDF00C7CFA1 /* JADropDownCell.swift */ = {isa = PBXFileReference; fileEncoding = 4; lastKnownFileType = sourcecode.swift; path = JADropDownCell.swift; sourceTree = "<group>"; };
		740C586F20B83FDF00C7CFA1 /* Info.plist */ = {isa = PBXFileReference; fileEncoding = 4; lastKnownFileType = text.plist.xml; path = Info.plist; sourceTree = "<group>"; };
		740C587520B83FFE00C7CFA1 /* JADropDown.framework */ = {isa = PBXFileReference; lastKnownFileType = wrapper.framework; path = JADropDown.framework; sourceTree = "<group>"; };
/* End PBXFileReference section */

/* Begin PBXFrameworksBuildPhase section */
		740C583320B832E400C7CFA1 /* Frameworks */ = {
			isa = PBXFrameworksBuildPhase;
			buildActionMask = 2147483647;
			files = (
				740C587620B83FFE00C7CFA1 /* JADropDown.framework in Frameworks */,
			);
			runOnlyForDeploymentPostprocessing = 0;
		};
		740C584720B832E500C7CFA1 /* Frameworks */ = {
			isa = PBXFrameworksBuildPhase;
			buildActionMask = 2147483647;
			files = (
			);
			runOnlyForDeploymentPostprocessing = 0;
		};
		740C585220B832E500C7CFA1 /* Frameworks */ = {
			isa = PBXFrameworksBuildPhase;
			buildActionMask = 2147483647;
			files = (
			);
			runOnlyForDeploymentPostprocessing = 0;
		};
/* End PBXFrameworksBuildPhase section */

/* Begin PBXGroup section */
		740C582D20B832E400C7CFA1 = {
			isa = PBXGroup;
			children = (
				740C583820B832E400C7CFA1 /* Demo */,
				740C584D20B832E500C7CFA1 /* DemoTests */,
				740C585820B832E500C7CFA1 /* DemoUITests */,
				740C583720B832E400C7CFA1 /* Products */,
				740C587520B83FFE00C7CFA1 /* JADropDown.framework */,
			);
			sourceTree = "<group>";
		};
		740C583720B832E400C7CFA1 /* Products */ = {
			isa = PBXGroup;
			children = (
				740C583620B832E400C7CFA1 /* Demo.app */,
				740C584A20B832E500C7CFA1 /* DemoTests.xctest */,
				740C585520B832E500C7CFA1 /* DemoUITests.xctest */,
			);
			name = Products;
			sourceTree = "<group>";
		};
		740C583820B832E400C7CFA1 /* Demo */ = {
			isa = PBXGroup;
			children = (
				740C586820B83FDF00C7CFA1 /* JADropDown */,
				740C583920B832E400C7CFA1 /* AppDelegate.swift */,
				740C583B20B832E500C7CFA1 /* ViewController.swift */,
				740C583D20B832E500C7CFA1 /* Main.storyboard */,
				740C584020B832E500C7CFA1 /* Assets.xcassets */,
				740C584220B832E500C7CFA1 /* LaunchScreen.storyboard */,
				740C584520B832E500C7CFA1 /* Info.plist */,
			);
			path = Demo;
			sourceTree = "<group>";
		};
		740C584D20B832E500C7CFA1 /* DemoTests */ = {
			isa = PBXGroup;
			children = (
				740C584E20B832E500C7CFA1 /* DemoTests.swift */,
				740C585020B832E500C7CFA1 /* Info.plist */,
			);
			path = DemoTests;
			sourceTree = "<group>";
		};
		740C585820B832E500C7CFA1 /* DemoUITests */ = {
			isa = PBXGroup;
			children = (
				740C585920B832E500C7CFA1 /* DemoUITests.swift */,
				740C585B20B832E500C7CFA1 /* Info.plist */,
			);
			path = DemoUITests;
			sourceTree = "<group>";
		};
		740C586820B83FDF00C7CFA1 /* JADropDown */ = {
			isa = PBXGroup;
			children = (
				740C586920B83FDF00C7CFA1 /* JADropDown.h */,
				740C586A20B83FDF00C7CFA1 /* JADropDown.swift */,
				740C586B20B83FDF00C7CFA1 /* Utility.swift */,
				740C586C20B83FDF00C7CFA1 /* resource */,
				740C586E20B83FDF00C7CFA1 /* JADropDownCell.swift */,
				740C586F20B83FDF00C7CFA1 /* Info.plist */,
			);
			path = JADropDown;
			sourceTree = SOURCE_ROOT;
		};
		740C586C20B83FDF00C7CFA1 /* resource */ = {
			isa = PBXGroup;
			children = (
				740C586D20B83FDF00C7CFA1 /* JADropDownCell.xib */,
			);
			path = resource;
			sourceTree = "<group>";
		};
/* End PBXGroup section */

/* Begin PBXNativeTarget section */
		740C583520B832E400C7CFA1 /* Demo */ = {
			isa = PBXNativeTarget;
			buildConfigurationList = 740C585E20B832E500C7CFA1 /* Build configuration list for PBXNativeTarget "Demo" */;
			buildPhases = (
				740C583220B832E400C7CFA1 /* Sources */,
				740C583320B832E400C7CFA1 /* Frameworks */,
				740C583420B832E400C7CFA1 /* Resources */,
				740C587920B8407200C7CFA1 /* Embed Frameworks */,
			);
			buildRules = (
			);
			dependencies = (
			);
			name = Demo;
			productName = Demo;
			productReference = 740C583620B832E400C7CFA1 /* Demo.app */;
			productType = "com.apple.product-type.application";
		};
		740C584920B832E500C7CFA1 /* DemoTests */ = {
			isa = PBXNativeTarget;
			buildConfigurationList = 740C586120B832E500C7CFA1 /* Build configuration list for PBXNativeTarget "DemoTests" */;
			buildPhases = (
				740C584620B832E500C7CFA1 /* Sources */,
				740C584720B832E500C7CFA1 /* Frameworks */,
				740C584820B832E500C7CFA1 /* Resources */,
			);
			buildRules = (
			);
			dependencies = (
				740C584C20B832E500C7CFA1 /* PBXTargetDependency */,
			);
			name = DemoTests;
			productName = DemoTests;
			productReference = 740C584A20B832E500C7CFA1 /* DemoTests.xctest */;
			productType = "com.apple.product-type.bundle.unit-test";
		};
		740C585420B832E500C7CFA1 /* DemoUITests */ = {
			isa = PBXNativeTarget;
			buildConfigurationList = 740C586420B832E500C7CFA1 /* Build configuration list for PBXNativeTarget "DemoUITests" */;
			buildPhases = (
				740C585120B832E500C7CFA1 /* Sources */,
				740C585220B832E500C7CFA1 /* Frameworks */,
				740C585320B832E500C7CFA1 /* Resources */,
			);
			buildRules = (
			);
			dependencies = (
				740C585720B832E500C7CFA1 /* PBXTargetDependency */,
			);
			name = DemoUITests;
			productName = DemoUITests;
			productReference = 740C585520B832E500C7CFA1 /* DemoUITests.xctest */;
			productType = "com.apple.product-type.bundle.ui-testing";
		};
/* End PBXNativeTarget section */

/* Begin PBXProject section */
		740C582E20B832E400C7CFA1 /* Project object */ = {
			isa = PBXProject;
			attributes = {
				LastSwiftUpdateCheck = 0930;
				LastUpgradeCheck = 0930;
				ORGANIZATIONNAME = "Agarwal, JitendraKumar(AWF)";
				TargetAttributes = {
					740C583520B832E400C7CFA1 = {
						CreatedOnToolsVersion = 9.3.1;
					};
					740C584920B832E500C7CFA1 = {
						CreatedOnToolsVersion = 9.3.1;
						TestTargetID = 740C583520B832E400C7CFA1;
					};
					740C585420B832E500C7CFA1 = {
						CreatedOnToolsVersion = 9.3.1;
						TestTargetID = 740C583520B832E400C7CFA1;
					};
				};
			};
			buildConfigurationList = 740C583120B832E400C7CFA1 /* Build configuration list for PBXProject "Demo" */;
			compatibilityVersion = "Xcode 9.3";
			developmentRegion = en;
			hasScannedForEncodings = 0;
			knownRegions = (
				en,
				Base,
			);
			mainGroup = 740C582D20B832E400C7CFA1;
			productRefGroup = 740C583720B832E400C7CFA1 /* Products */;
			projectDirPath = "";
			projectRoot = "";
			targets = (
				740C583520B832E400C7CFA1 /* Demo */,
				740C584920B832E500C7CFA1 /* DemoTests */,
				740C585420B832E500C7CFA1 /* DemoUITests */,
			);
		};
/* End PBXProject section */

/* Begin PBXResourcesBuildPhase section */
		740C583420B832E400C7CFA1 /* Resources */ = {
			isa = PBXResourcesBuildPhase;
			buildActionMask = 2147483647;
			files = (
				740C584420B832E500C7CFA1 /* LaunchScreen.storyboard in Resources */,
				740C584120B832E500C7CFA1 /* Assets.xcassets in Resources */,
				740C583F20B832E500C7CFA1 /* Main.storyboard in Resources */,
				740C587420B83FDF00C7CFA1 /* Info.plist in Resources */,
				740C587220B83FDF00C7CFA1 /* JADropDownCell.xib in Resources */,
			);
			runOnlyForDeploymentPostprocessing = 0;
		};
		740C584820B832E500C7CFA1 /* Resources */ = {
			isa = PBXResourcesBuildPhase;
			buildActionMask = 2147483647;
			files = (
			);
			runOnlyForDeploymentPostprocessing = 0;
		};
		740C585320B832E500C7CFA1 /* Resources */ = {
			isa = PBXResourcesBuildPhase;
			buildActionMask = 2147483647;
			files = (
			);
			runOnlyForDeploymentPostprocessing = 0;
		};
/* End PBXResourcesBuildPhase section */

/* Begin PBXSourcesBuildPhase section */
		740C583220B832E400C7CFA1 /* Sources */ = {
			isa = PBXSourcesBuildPhase;
			buildActionMask = 2147483647;
			files = (
				740C587120B83FDF00C7CFA1 /* Utility.swift in Sources */,
				740C583C20B832E500C7CFA1 /* ViewController.swift in Sources */,
				740C587020B83FDF00C7CFA1 /* JADropDown.swift in Sources */,
				740C587320B83FDF00C7CFA1 /* JADropDownCell.swift in Sources */,
				740C583A20B832E400C7CFA1 /* AppDelegate.swift in Sources */,
			);
			runOnlyForDeploymentPostprocessing = 0;
		};
		740C584620B832E500C7CFA1 /* Sources */ = {
			isa = PBXSourcesBuildPhase;
			buildActionMask = 2147483647;
			files = (
				740C584F20B832E500C7CFA1 /* DemoTests.swift in Sources */,
			);
			runOnlyForDeploymentPostprocessing = 0;
		};
		740C585120B832E500C7CFA1 /* Sources */ = {
			isa = PBXSourcesBuildPhase;
			buildActionMask = 2147483647;
			files = (
				740C585A20B832E500C7CFA1 /* DemoUITests.swift in Sources */,
			);
			runOnlyForDeploymentPostprocessing = 0;
		};
/* End PBXSourcesBuildPhase section */

/* Begin PBXTargetDependency section */
		740C584C20B832E500C7CFA1 /* PBXTargetDependency */ = {
			isa = PBXTargetDependency;
			target = 740C583520B832E400C7CFA1 /* Demo */;
			targetProxy = 740C584B20B832E500C7CFA1 /* PBXContainerItemProxy */;
		};
		740C585720B832E500C7CFA1 /* PBXTargetDependency */ = {
			isa = PBXTargetDependency;
			target = 740C583520B832E400C7CFA1 /* Demo */;
			targetProxy = 740C585620B832E500C7CFA1 /* PBXContainerItemProxy */;
		};
/* End PBXTargetDependency section */

/* Begin PBXVariantGroup section */
		740C583D20B832E500C7CFA1 /* Main.storyboard */ = {
			isa = PBXVariantGroup;
			children = (
				740C583E20B832E500C7CFA1 /* Base */,
			);
			name = Main.storyboard;
			sourceTree = "<group>";
		};
		740C584220B832E500C7CFA1 /* LaunchScreen.storyboard */ = {
			isa = PBXVariantGroup;
			children = (
				740C584320B832E500C7CFA1 /* Base */,
			);
			name = LaunchScreen.storyboard;
			sourceTree = "<group>";
		};
/* End PBXVariantGroup section */

/* Begin XCBuildConfiguration section */
		740C585C20B832E500C7CFA1 /* Debug */ = {
			isa = XCBuildConfiguration;
			buildSettings = {
				ALWAYS_SEARCH_USER_PATHS = NO;
				CLANG_ANALYZER_NONNULL = YES;
				CLANG_ANALYZER_NUMBER_OBJECT_CONVERSION = YES_AGGRESSIVE;
				CLANG_CXX_LANGUAGE_STANDARD = "gnu++14";
				CLANG_CXX_LIBRARY = "libc++";
				CLANG_ENABLE_MODULES = YES;
				CLANG_ENABLE_OBJC_ARC = YES;
				CLANG_ENABLE_OBJC_WEAK = YES;
				CLANG_WARN_BLOCK_CAPTURE_AUTORELEASING = YES;
				CLANG_WARN_BOOL_CONVERSION = YES;
				CLANG_WARN_COMMA = YES;
				CLANG_WARN_CONSTANT_CONVERSION = YES;
				CLANG_WARN_DEPRECATED_OBJC_IMPLEMENTATIONS = YES;
				CLANG_WARN_DIRECT_OBJC_ISA_USAGE = YES_ERROR;
				CLANG_WARN_DOCUMENTATION_COMMENTS = YES;
				CLANG_WARN_EMPTY_BODY = YES;
				CLANG_WARN_ENUM_CONVERSION = YES;
				CLANG_WARN_INFINITE_RECURSION = YES;
				CLANG_WARN_INT_CONVERSION = YES;
				CLANG_WARN_NON_LITERAL_NULL_CONVERSION = YES;
				CLANG_WARN_OBJC_IMPLICIT_RETAIN_SELF = YES;
				CLANG_WARN_OBJC_LITERAL_CONVERSION = YES;
				CLANG_WARN_OBJC_ROOT_CLASS = YES_ERROR;
				CLANG_WARN_RANGE_LOOP_ANALYSIS = YES;
				CLANG_WARN_STRICT_PROTOTYPES = YES;
				CLANG_WARN_SUSPICIOUS_MOVE = YES;
				CLANG_WARN_UNGUARDED_AVAILABILITY = YES_AGGRESSIVE;
				CLANG_WARN_UNREACHABLE_CODE = YES;
				CLANG_WARN__DUPLICATE_METHOD_MATCH = YES;
				CODE_SIGN_IDENTITY = "iPhone Developer";
				COPY_PHASE_STRIP = NO;
				DEBUG_INFORMATION_FORMAT = dwarf;
				ENABLE_STRICT_OBJC_MSGSEND = YES;
				ENABLE_TESTABILITY = YES;
				GCC_C_LANGUAGE_STANDARD = gnu11;
				GCC_DYNAMIC_NO_PIC = NO;
				GCC_NO_COMMON_BLOCKS = YES;
				GCC_OPTIMIZATION_LEVEL = 0;
				GCC_PREPROCESSOR_DEFINITIONS = (
					"DEBUG=1",
					"$(inherited)",
				);
				GCC_WARN_64_TO_32_BIT_CONVERSION = YES;
				GCC_WARN_ABOUT_RETURN_TYPE = YES_ERROR;
				GCC_WARN_UNDECLARED_SELECTOR = YES;
				GCC_WARN_UNINITIALIZED_AUTOS = YES_AGGRESSIVE;
				GCC_WARN_UNUSED_FUNCTION = YES;
				GCC_WARN_UNUSED_VARIABLE = YES;
				IPHONEOS_DEPLOYMENT_TARGET = 11.3;
				MTL_ENABLE_DEBUG_INFO = YES;
				ONLY_ACTIVE_ARCH = YES;
				SDKROOT = iphoneos;
				SWIFT_ACTIVE_COMPILATION_CONDITIONS = DEBUG;
				SWIFT_OPTIMIZATION_LEVEL = "-Onone";
			};
			name = Debug;
		};
		740C585D20B832E500C7CFA1 /* Release */ = {
			isa = XCBuildConfiguration;
			buildSettings = {
				ALWAYS_SEARCH_USER_PATHS = NO;
				CLANG_ANALYZER_NONNULL = YES;
				CLANG_ANALYZER_NUMBER_OBJECT_CONVERSION = YES_AGGRESSIVE;
				CLANG_CXX_LANGUAGE_STANDARD = "gnu++14";
				CLANG_CXX_LIBRARY = "libc++";
				CLANG_ENABLE_MODULES = YES;
				CLANG_ENABLE_OBJC_ARC = YES;
				CLANG_ENABLE_OBJC_WEAK = YES;
				CLANG_WARN_BLOCK_CAPTURE_AUTORELEASING = YES;
				CLANG_WARN_BOOL_CONVERSION = YES;
				CLANG_WARN_COMMA = YES;
				CLANG_WARN_CONSTANT_CONVERSION = YES;
				CLANG_WARN_DEPRECATED_OBJC_IMPLEMENTATIONS = YES;
				CLANG_WARN_DIRECT_OBJC_ISA_USAGE = YES_ERROR;
				CLANG_WARN_DOCUMENTATION_COMMENTS = YES;
				CLANG_WARN_EMPTY_BODY = YES;
				CLANG_WARN_ENUM_CONVERSION = YES;
				CLANG_WARN_INFINITE_RECURSION = YES;
				CLANG_WARN_INT_CONVERSION = YES;
				CLANG_WARN_NON_LITERAL_NULL_CONVERSION = YES;
				CLANG_WARN_OBJC_IMPLICIT_RETAIN_SELF = YES;
				CLANG_WARN_OBJC_LITERAL_CONVERSION = YES;
				CLANG_WARN_OBJC_ROOT_CLASS = YES_ERROR;
				CLANG_WARN_RANGE_LOOP_ANALYSIS = YES;
				CLANG_WARN_STRICT_PROTOTYPES = YES;
				CLANG_WARN_SUSPICIOUS_MOVE = YES;
				CLANG_WARN_UNGUARDED_AVAILABILITY = YES_AGGRESSIVE;
				CLANG_WARN_UNREACHABLE_CODE = YES;
				CLANG_WARN__DUPLICATE_METHOD_MATCH = YES;
				CODE_SIGN_IDENTITY = "iPhone Developer";
				COPY_PHASE_STRIP = NO;
				DEBUG_INFORMATION_FORMAT = "dwarf-with-dsym";
				ENABLE_NS_ASSERTIONS = NO;
				ENABLE_STRICT_OBJC_MSGSEND = YES;
				GCC_C_LANGUAGE_STANDARD = gnu11;
				GCC_NO_COMMON_BLOCKS = YES;
				GCC_WARN_64_TO_32_BIT_CONVERSION = YES;
				GCC_WARN_ABOUT_RETURN_TYPE = YES_ERROR;
				GCC_WARN_UNDECLARED_SELECTOR = YES;
				GCC_WARN_UNINITIALIZED_AUTOS = YES_AGGRESSIVE;
				GCC_WARN_UNUSED_FUNCTION = YES;
				GCC_WARN_UNUSED_VARIABLE = YES;
				IPHONEOS_DEPLOYMENT_TARGET = 11.3;
				MTL_ENABLE_DEBUG_INFO = NO;
				SDKROOT = iphoneos;
				SWIFT_COMPILATION_MODE = wholemodule;
				SWIFT_OPTIMIZATION_LEVEL = "-O";
				VALIDATE_PRODUCT = YES;
			};
			name = Release;
		};
		740C585F20B832E500C7CFA1 /* Debug */ = {
			isa = XCBuildConfiguration;
			buildSettings = {
				ASSETCATALOG_COMPILER_APPICON_NAME = AppIcon;
				CODE_SIGN_STYLE = Automatic;
				FRAMEWORK_SEARCH_PATHS = (
					"$(inherited)",
					"$(PROJECT_DIR)",
				);
				INFOPLIST_FILE = Demo/Info.plist;
				LD_RUNPATH_SEARCH_PATHS = (
					"$(inherited)",
					"@executable_path/Frameworks",
				);
				PRODUCT_BUNDLE_IDENTIFIER = come.demo.Demo;
				PRODUCT_NAME = "$(TARGET_NAME)";
				SWIFT_VERSION = 4.0;
				TARGETED_DEVICE_FAMILY = "1,2";
			};
			name = Debug;
		};
		740C586020B832E500C7CFA1 /* Release */ = {
			isa = XCBuildConfiguration;
			buildSettings = {
				ASSETCATALOG_COMPILER_APPICON_NAME = AppIcon;
				CODE_SIGN_STYLE = Automatic;
				FRAMEWORK_SEARCH_PATHS = (
					"$(inherited)",
					"$(PROJECT_DIR)",
				);
				INFOPLIST_FILE = Demo/Info.plist;
				LD_RUNPATH_SEARCH_PATHS = (
					"$(inherited)",
					"@executable_path/Frameworks",
				);
				PRODUCT_BUNDLE_IDENTIFIER = come.demo.Demo;
				PRODUCT_NAME = "$(TARGET_NAME)";
				SWIFT_VERSION = 4.0;
				TARGETED_DEVICE_FAMILY = "1,2";
			};
			name = Release;
		};
		740C586220B832E500C7CFA1 /* Debug */ = {
			isa = XCBuildConfiguration;
			buildSettings = {
				ALWAYS_EMBED_SWIFT_STANDARD_LIBRARIES = YES;
				BUNDLE_LOADER = "$(TEST_HOST)";
				CODE_SIGN_STYLE = Automatic;
				INFOPLIST_FILE = DemoTests/Info.plist;
				LD_RUNPATH_SEARCH_PATHS = (
					"$(inherited)",
					"@executable_path/Frameworks",
					"@loader_path/Frameworks",
				);
				PRODUCT_BUNDLE_IDENTIFIER = come.demo.DemoTests;
				PRODUCT_NAME = "$(TARGET_NAME)";
				SWIFT_VERSION = 4.0;
				TARGETED_DEVICE_FAMILY = "1,2";
				TEST_HOST = "$(BUILT_PRODUCTS_DIR)/Demo.app/Demo";
			};
			name = Debug;
		};
		740C586320B832E500C7CFA1 /* Release */ = {
			isa = XCBuildConfiguration;
			buildSettings = {
				ALWAYS_EMBED_SWIFT_STANDARD_LIBRARIES = YES;
				BUNDLE_LOADER = "$(TEST_HOST)";
				CODE_SIGN_STYLE = Automatic;
				INFOPLIST_FILE = DemoTests/Info.plist;
				LD_RUNPATH_SEARCH_PATHS = (
					"$(inherited)",
					"@executable_path/Frameworks",
					"@loader_path/Frameworks",
				);
				PRODUCT_BUNDLE_IDENTIFIER = come.demo.DemoTests;
				PRODUCT_NAME = "$(TARGET_NAME)";
				SWIFT_VERSION = 4.0;
				TARGETED_DEVICE_FAMILY = "1,2";
				TEST_HOST = "$(BUILT_PRODUCTS_DIR)/Demo.app/Demo";
			};
			name = Release;
		};
		740C586520B832E500C7CFA1 /* Debug */ = {
			isa = XCBuildConfiguration;
			buildSettings = {
				ALWAYS_EMBED_SWIFT_STANDARD_LIBRARIES = YES;
				CODE_SIGN_STYLE = Automatic;
				INFOPLIST_FILE = DemoUITests/Info.plist;
				LD_RUNPATH_SEARCH_PATHS = (
					"$(inherited)",
					"@executable_path/Frameworks",
					"@loader_path/Frameworks",
				);
				PRODUCT_BUNDLE_IDENTIFIER = come.demo.DemoUITests;
				PRODUCT_NAME = "$(TARGET_NAME)";
				SWIFT_VERSION = 4.0;
				TARGETED_DEVICE_FAMILY = "1,2";
				TEST_TARGET_NAME = Demo;
			};
			name = Debug;
		};
		740C586620B832E500C7CFA1 /* Release */ = {
			isa = XCBuildConfiguration;
			buildSettings = {
				ALWAYS_EMBED_SWIFT_STANDARD_LIBRARIES = YES;
				CODE_SIGN_STYLE = Automatic;
				INFOPLIST_FILE = DemoUITests/Info.plist;
				LD_RUNPATH_SEARCH_PATHS = (
					"$(inherited)",
					"@executable_path/Frameworks",
					"@loader_path/Frameworks",
				);
				PRODUCT_BUNDLE_IDENTIFIER = come.demo.DemoUITests;
				PRODUCT_NAME = "$(TARGET_NAME)";
				SWIFT_VERSION = 4.0;
				TARGETED_DEVICE_FAMILY = "1,2";
				TEST_TARGET_NAME = Demo;
			};
			name = Release;
		};
/* End XCBuildConfiguration section */

/* Begin XCConfigurationList section */
		740C583120B832E400C7CFA1 /* Build configuration list for PBXProject "Demo" */ = {
			isa = XCConfigurationList;
			buildConfigurations = (
				740C585C20B832E500C7CFA1 /* Debug */,
				740C585D20B832E500C7CFA1 /* Release */,
			);
			defaultConfigurationIsVisible = 0;
			defaultConfigurationName = Release;
		};
		740C585E20B832E500C7CFA1 /* Build configuration list for PBXNativeTarget "Demo" */ = {
			isa = XCConfigurationList;
			buildConfigurations = (
				740C585F20B832E500C7CFA1 /* Debug */,
				740C586020B832E500C7CFA1 /* Release */,
			);
			defaultConfigurationIsVisible = 0;
			defaultConfigurationName = Release;
		};
		740C586120B832E500C7CFA1 /* Build configuration list for PBXNativeTarget "DemoTests" */ = {
			isa = XCConfigurationList;
			buildConfigurations = (
				740C586220B832E500C7CFA1 /* Debug */,
				740C586320B832E500C7CFA1 /* Release */,
			);
			defaultConfigurationIsVisible = 0;
			defaultConfigurationName = Release;
		};
		740C586420B832E500C7CFA1 /* Build configuration list for PBXNativeTarget "DemoUITests" */ = {
			isa = XCConfigurationList;
			buildConfigurations = (
				740C586520B832E500C7CFA1 /* Debug */,
				740C586620B832E500C7CFA1 /* Release */,
			);
			defaultConfigurationIsVisible = 0;
			defaultConfigurationName = Release;
		};
/* End XCConfigurationList section */
	};
	rootObject = 740C582E20B832E400C7CFA1 /* Project object */;
}
