// !$*UTF8*$!
{
	archiveVersion = 1;
	classes = {
	};
	objectVersion = 50;
	objects = {

/* Begin PBXBuildFile section */
		7451158B20B8316200A3FE9C /* JADropDown.framework in Frameworks */ = {isa = PBXBuildFile; fileRef = 7451158120B8316100A3FE9C /* JADropDown.framework */; };
		7451159020B8316200A3FE9C /* JADropDownTests.swift in Sources */ = {isa = PBXBuildFile; fileRef = 7451158F20B8316200A3FE9C /* JADropDownTests.swift */; };
		7451159220B8316200A3FE9C /* JADropDown.h in Headers */ = {isa = PBXBuildFile; fileRef = 7451158420B8316100A3FE9C /* JADropDown.h */; settings = {ATTRIBUTES = (Public, ); }; };
		745115A020B831DD00A3FE9C /* JADropDownCell.swift in Sources */ = {isa = PBXBuildFile; fileRef = 7451159D20B831DD00A3FE9C /* JADropDownCell.swift */; };
		745115A120B831DD00A3FE9C /* JADropDown.swift in Sources */ = {isa = PBXBuildFile; fileRef = 7451159E20B831DD00A3FE9C /* JADropDown.swift */; };
		745115A220B831DD00A3FE9C /* Utility.swift in Sources */ = {isa = PBXBuildFile; fileRef = 7451159F20B831DD00A3FE9C /* Utility.swift */; };
		745115A420B831E400A3FE9C /* JADropDownCell.xib in Resources */ = {isa = PBXBuildFile; fileRef = 745115A320B831E400A3FE9C /* JADropDownCell.xib */; };
/* End PBXBuildFile section */

/* Begin PBXContainerItemProxy section */
		7451158C20B8316200A3FE9C /* PBXContainerItemProxy */ = {
			isa = PBXContainerItemProxy;
			containerPortal = 7451157820B8316100A3FE9C /* Project object */;
			proxyType = 1;
			remoteGlobalIDString = 7451158020B8316100A3FE9C;
			remoteInfo = JADropDown;
		};
/* End PBXContainerItemProxy section */

/* Begin PBXFileReference section */
		7451158120B8316100A3FE9C /* JADropDown.framework */ = {isa = PBXFileReference; explicitFileType = wrapper.framework; includeInIndex = 0; path = JADropDown.framework; sourceTree = BUILT_PRODUCTS_DIR; };
		7451158420B8316100A3FE9C /* JADropDown.h */ = {isa = PBXFileReference; lastKnownFileType = sourcecode.c.h; path = JADropDown.h; sourceTree = "<group>"; };
		7451158520B8316100A3FE9C /* Info.plist */ = {isa = PBXFileReference; lastKnownFileType = text.plist.xml; path = Info.plist; sourceTree = "<group>"; };
		7451158A20B8316200A3FE9C /* JADropDownTests.xctest */ = {isa = PBXFileReference; explicitFileType = wrapper.cfbundle; includeInIndex = 0; path = JADropDownTests.xctest; sourceTree = BUILT_PRODUCTS_DIR; };
		7451158F20B8316200A3FE9C /* JADropDownTests.swift */ = {isa = PBXFileReference; lastKnownFileType = sourcecode.swift; path = JADropDownTests.swift; sourceTree = "<group>"; };
		7451159120B8316200A3FE9C /* Info.plist */ = {isa = PBXFileReference; lastKnownFileType = text.plist.xml; path = Info.plist; sourceTree = "<group>"; };
		7451159D20B831DD00A3FE9C /* JADropDownCell.swift */ = {isa = PBXFileReference; fileEncoding = 4; lastKnownFileType = sourcecode.swift; path = JADropDownCell.swift; sourceTree = "<group>"; };
		7451159E20B831DD00A3FE9C /* JADropDown.swift */ = {isa = PBXFileReference; fileEncoding = 4; lastKnownFileType = sourcecode.swift; path = JADropDown.swift; sourceTree = "<group>"; };
		7451159F20B831DD00A3FE9C /* Utility.swift */ = {isa = PBXFileReference; fileEncoding = 4; lastKnownFileType = sourcecode.swift; path = Utility.swift; sourceTree = "<group>"; };
		745115A320B831E400A3FE9C /* JADropDownCell.xib */ = {isa = PBXFileReference; fileEncoding = 4; lastKnownFileType = file.xib; path = JADropDownCell.xib; sourceTree = "<group>"; };
/* End PBXFileReference section */

/* Begin PBXFrameworksBuildPhase section */
		7451157D20B8316100A3FE9C /* Frameworks */ = {
			isa = PBXFrameworksBuildPhase;
			buildActionMask = 2147483647;
			files = (
			);
			runOnlyForDeploymentPostprocessing = 0;
		};
		7451158720B8316200A3FE9C /* Frameworks */ = {
			isa = PBXFrameworksBuildPhase;
			buildActionMask = 2147483647;
			files = (
				7451158B20B8316200A3FE9C /* JADropDown.framework in Frameworks */,
			);
			runOnlyForDeploymentPostprocessing = 0;
		};
/* End PBXFrameworksBuildPhase section */

/* Begin PBXGroup section */
		7451157720B8316100A3FE9C = {
			isa = PBXGroup;
			children = (
				7451158320B8316100A3FE9C /* JADropDown */,
				7451158E20B8316200A3FE9C /* JADropDownTests */,
				7451158220B8316100A3FE9C /* Products */,
			);
			sourceTree = "<group>";
		};
		7451158220B8316100A3FE9C /* Products */ = {
			isa = PBXGroup;
			children = (
				7451158120B8316100A3FE9C /* JADropDown.framework */,
				7451158A20B8316200A3FE9C /* JADropDownTests.xctest */,
			);
			name = Products;
			sourceTree = "<group>";
		};
		7451158320B8316100A3FE9C /* JADropDown */ = {
			isa = PBXGroup;
			children = (
				7451159C20B831AB00A3FE9C /* resource */,
				7451159B20B8318C00A3FE9C /* src */,
				7451158420B8316100A3FE9C /* JADropDown.h */,
				7451158520B8316100A3FE9C /* Info.plist */,
			);
			path = JADropDown;
			sourceTree = "<group>";
		};
		7451158E20B8316200A3FE9C /* JADropDownTests */ = {
			isa = PBXGroup;
			children = (
				7451158F20B8316200A3FE9C /* JADropDownTests.swift */,
				7451159120B8316200A3FE9C /* Info.plist */,
			);
			path = JADropDownTests;
			sourceTree = "<group>";
		};
		7451159B20B8318C00A3FE9C /* src */ = {
			isa = PBXGroup;
			children = (
				7451159E20B831DD00A3FE9C /* JADropDown.swift */,
				7451159D20B831DD00A3FE9C /* JADropDownCell.swift */,
				7451159F20B831DD00A3FE9C /* Utility.swift */,
			);
			name = src;
			sourceTree = "<group>";
		};
		7451159C20B831AB00A3FE9C /* resource */ = {
			isa = PBXGroup;
			children = (
				745115A320B831E400A3FE9C /* JADropDownCell.xib */,
			);
			path = resource;
			sourceTree = "<group>";
		};
/* End PBXGroup section */

/* Begin PBXHeadersBuildPhase section */
		7451157E20B8316100A3FE9C /* Headers */ = {
			isa = PBXHeadersBuildPhase;
			buildActionMask = 2147483647;
			files = (
				7451159220B8316200A3FE9C /* JADropDown.h in Headers */,
			);
			runOnlyForDeploymentPostprocessing = 0;
		};
/* End PBXHeadersBuildPhase section */

/* Begin PBXNativeTarget section */
		7451158020B8316100A3FE9C /* JADropDown */ = {
			isa = PBXNativeTarget;
			buildConfigurationList = 7451159520B8316200A3FE9C /* Build configuration list for PBXNativeTarget "JADropDown" */;
			buildPhases = (
				7451157C20B8316100A3FE9C /* Sources */,
				7451157D20B8316100A3FE9C /* Frameworks */,
				7451157E20B8316100A3FE9C /* Headers */,
				7451157F20B8316100A3FE9C /* Resources */,
			);
			buildRules = (
			);
			dependencies = (
			);
			name = JADropDown;
			productName = JADropDown;
			productReference = 7451158120B8316100A3FE9C /* JADropDown.framework */;
			productType = "com.apple.product-type.framework";
		};
		7451158920B8316200A3FE9C /* JADropDownTests */ = {
			isa = PBXNativeTarget;
			buildConfigurationList = 7451159820B8316200A3FE9C /* Build configuration list for PBXNativeTarget "JADropDownTests" */;
			buildPhases = (
				7451158620B8316200A3FE9C /* Sources */,
				7451158720B8316200A3FE9C /* Frameworks */,
				7451158820B8316200A3FE9C /* Resources */,
			);
			buildRules = (
			);
			dependencies = (
				7451158D20B8316200A3FE9C /* PBXTargetDependency */,
			);
			name = JADropDownTests;
			productName = JADropDownTests;
			productReference = 7451158A20B8316200A3FE9C /* JADropDownTests.xctest */;
			productType = "com.apple.product-type.bundle.unit-test";
		};
/* End PBXNativeTarget section */

/* Begin PBXProject section */
		7451157820B8316100A3FE9C /* Project object */ = {
			isa = PBXProject;
			attributes = {
				LastSwiftUpdateCheck = 0930;
				LastUpgradeCheck = 0930;
				ORGANIZATIONNAME = "Agarwal, JitendraKumar(AWF)";
				TargetAttributes = {
					7451158020B8316100A3FE9C = {
						CreatedOnToolsVersion = 9.3.1;
						LastSwiftMigration = 0930;
					};
					7451158920B8316200A3FE9C = {
						CreatedOnToolsVersion = 9.3.1;
					};
				};
			};
			buildConfigurationList = 7451157B20B8316100A3FE9C /* Build configuration list for PBXProject "JADropDown" */;
			compatibilityVersion = "Xcode 9.3";
			developmentRegion = en;
			hasScannedForEncodings = 0;
			knownRegions = (
				en,
			);
			mainGroup = 7451157720B8316100A3FE9C;
			productRefGroup = 7451158220B8316100A3FE9C /* Products */;
			projectDirPath = "";
			projectRoot = "";
			targets = (
				7451158020B8316100A3FE9C /* JADropDown */,
				7451158920B8316200A3FE9C /* JADropDownTests */,
			);
		};
/* End PBXProject section */

/* Begin PBXResourcesBuildPhase section */
		7451157F20B8316100A3FE9C /* Resources */ = {
			isa = PBXResourcesBuildPhase;
			buildActionMask = 2147483647;
			files = (
				745115A420B831E400A3FE9C /* JADropDownCell.xib in Resources */,
			);
			runOnlyForDeploymentPostprocessing = 0;
		};
		7451158820B8316200A3FE9C /* Resources */ = {
			isa = PBXResourcesBuildPhase;
			buildActionMask = 2147483647;
			files = (
			);
			runOnlyForDeploymentPostprocessing = 0;
		};
/* End PBXResourcesBuildPhase section */

/* Begin PBXSourcesBuildPhase section */
		7451157C20B8316100A3FE9C /* Sources */ = {
			isa = PBXSourcesBuildPhase;
			buildActionMask = 2147483647;
			files = (
				745115A020B831DD00A3FE9C /* JADropDownCell.swift in Sources */,
				745115A120B831DD00A3FE9C /* JADropDown.swift in Sources */,
				745115A220B831DD00A3FE9C /* Utility.swift in Sources */,
			);
			runOnlyForDeploymentPostprocessing = 0;
		};
		7451158620B8316200A3FE9C /* Sources */ = {
			isa = PBXSourcesBuildPhase;
			buildActionMask = 2147483647;
			files = (
				7451159020B8316200A3FE9C /* JADropDownTests.swift in Sources */,
			);
			runOnlyForDeploymentPostprocessing = 0;
		};
/* End PBXSourcesBuildPhase section */

/* Begin PBXTargetDependency section */
		7451158D20B8316200A3FE9C /* PBXTargetDependency */ = {
			isa = PBXTargetDependency;
			target = 7451158020B8316100A3FE9C /* JADropDown */;
			targetProxy = 7451158C20B8316200A3FE9C /* PBXContainerItemProxy */;
		};
/* End PBXTargetDependency section */

/* Begin XCBuildConfiguration section */
		7451159320B8316200A3FE9C /* Debug */ = {
			isa = XCBuildConfiguration;
			buildSettings = {
				ALWAYS_SEARCH_USER_PATHS = NO;
				CLANG_ANALYZER_NONNULL = YES;
				CLANG_ANALYZER_NUMBER_OBJECT_CONVERSION = YES_AGGRESSIVE;
				CLANG_CXX_LANGUAGE_STANDARD = "gnu++14";
				CLANG_CXX_LIBRARY = "libc++";
				CLANG_ENABLE_MODULES = YES;
				CLANG_ENABLE_OBJC_ARC = YES;
				CLANG_ENABLE_OBJC_WEAK = YES;
				CLANG_WARN_BLOCK_CAPTURE_AUTORELEASING = YES;
				CLANG_WARN_BOOL_CONVERSION = YES;
				CLANG_WARN_COMMA = YES;
				CLANG_WARN_CONSTANT_CONVERSION = YES;
				CLANG_WARN_DEPRECATED_OBJC_IMPLEMENTATIONS = YES;
				CLANG_WARN_DIRECT_OBJC_ISA_USAGE = YES_ERROR;
				CLANG_WARN_DOCUMENTATION_COMMENTS = YES;
				CLANG_WARN_EMPTY_BODY = YES;
				CLANG_WARN_ENUM_CONVERSION = YES;
				CLANG_WARN_INFINITE_RECURSION = YES;
				CLANG_WARN_INT_CONVERSION = YES;
				CLANG_WARN_NON_LITERAL_NULL_CONVERSION = YES;
				CLANG_WARN_OBJC_IMPLICIT_RETAIN_SELF = YES;
				CLANG_WARN_OBJC_LITERAL_CONVERSION = YES;
				CLANG_WARN_OBJC_ROOT_CLASS = YES_ERROR;
				CLANG_WARN_RANGE_LOOP_ANALYSIS = YES;
				CLANG_WARN_STRICT_PROTOTYPES = YES;
				CLANG_WARN_SUSPICIOUS_MOVE = YES;
				CLANG_WARN_UNGUARDED_AVAILABILITY = YES_AGGRESSIVE;
				CLANG_WARN_UNREACHABLE_CODE = YES;
				CLANG_WARN__DUPLICATE_METHOD_MATCH = YES;
				CODE_SIGN_IDENTITY = "iPhone Developer";
				COPY_PHASE_STRIP = NO;
				CURRENT_PROJECT_VERSION = 1;
				DEBUG_INFORMATION_FORMAT = dwarf;
				ENABLE_STRICT_OBJC_MSGSEND = YES;
				ENABLE_TESTABILITY = YES;
				GCC_C_LANGUAGE_STANDARD = gnu11;
				GCC_DYNAMIC_NO_PIC = NO;
				GCC_NO_COMMON_BLOCKS = YES;
				GCC_OPTIMIZATION_LEVEL = 0;
				GCC_PREPROCESSOR_DEFINITIONS = (
					"DEBUG=1",
					"$(inherited)",
				);
				GCC_WARN_64_TO_32_BIT_CONVERSION = YES;
				GCC_WARN_ABOUT_RETURN_TYPE = YES_ERROR;
				GCC_WARN_UNDECLARED_SELECTOR = YES;
				GCC_WARN_UNINITIALIZED_AUTOS = YES_AGGRESSIVE;
				GCC_WARN_UNUSED_FUNCTION = YES;
				GCC_WARN_UNUSED_VARIABLE = YES;
				IPHONEOS_DEPLOYMENT_TARGET = 11.3;
				MTL_ENABLE_DEBUG_INFO = YES;
				ONLY_ACTIVE_ARCH = YES;
				SDKROOT = iphoneos;
				SWIFT_ACTIVE_COMPILATION_CONDITIONS = DEBUG;
				SWIFT_OPTIMIZATION_LEVEL = "-Onone";
				VERSIONING_SYSTEM = "apple-generic";
				VERSION_INFO_PREFIX = "";
			};
			name = Debug;
		};
		7451159420B8316200A3FE9C /* Release */ = {
			isa = XCBuildConfiguration;
			buildSettings = {
				ALWAYS_SEARCH_USER_PATHS = NO;
				CLANG_ANALYZER_NONNULL = YES;
				CLANG_ANALYZER_NUMBER_OBJECT_CONVERSION = YES_AGGRESSIVE;
				CLANG_CXX_LANGUAGE_STANDARD = "gnu++14";
				CLANG_CXX_LIBRARY = "libc++";
				CLANG_ENABLE_MODULES = YES;
				CLANG_ENABLE_OBJC_ARC = YES;
				CLANG_ENABLE_OBJC_WEAK = YES;
				CLANG_WARN_BLOCK_CAPTURE_AUTORELEASING = YES;
				CLANG_WARN_BOOL_CONVERSION = YES;
				CLANG_WARN_COMMA = YES;
				CLANG_WARN_CONSTANT_CONVERSION = YES;
				CLANG_WARN_DEPRECATED_OBJC_IMPLEMENTATIONS = YES;
				CLANG_WARN_DIRECT_OBJC_ISA_USAGE = YES_ERROR;
				CLANG_WARN_DOCUMENTATION_COMMENTS = YES;
				CLANG_WARN_EMPTY_BODY = YES;
				CLANG_WARN_ENUM_CONVERSION = YES;
				CLANG_WARN_INFINITE_RECURSION = YES;
				CLANG_WARN_INT_CONVERSION = YES;
				CLANG_WARN_NON_LITERAL_NULL_CONVERSION = YES;
				CLANG_WARN_OBJC_IMPLICIT_RETAIN_SELF = YES;
				CLANG_WARN_OBJC_LITERAL_CONVERSION = YES;
				CLANG_WARN_OBJC_ROOT_CLASS = YES_ERROR;
				CLANG_WARN_RANGE_LOOP_ANALYSIS = YES;
				CLANG_WARN_STRICT_PROTOTYPES = YES;
				CLANG_WARN_SUSPICIOUS_MOVE = YES;
				CLANG_WARN_UNGUARDED_AVAILABILITY = YES_AGGRESSIVE;
				CLANG_WARN_UNREACHABLE_CODE = YES;
				CLANG_WARN__DUPLICATE_METHOD_MATCH = YES;
				CODE_SIGN_IDENTITY = "iPhone Developer";
				COPY_PHASE_STRIP = NO;
				CURRENT_PROJECT_VERSION = 1;
				DEBUG_INFORMATION_FORMAT = "dwarf-with-dsym";
				ENABLE_NS_ASSERTIONS = NO;
				ENABLE_STRICT_OBJC_MSGSEND = YES;
				GCC_C_LANGUAGE_STANDARD = gnu11;
				GCC_NO_COMMON_BLOCKS = YES;
				GCC_WARN_64_TO_32_BIT_CONVERSION = YES;
				GCC_WARN_ABOUT_RETURN_TYPE = YES_ERROR;
				GCC_WARN_UNDECLARED_SELECTOR = YES;
				GCC_WARN_UNINITIALIZED_AUTOS = YES_AGGRESSIVE;
				GCC_WARN_UNUSED_FUNCTION = YES;
				GCC_WARN_UNUSED_VARIABLE = YES;
				IPHONEOS_DEPLOYMENT_TARGET = 11.3;
				MTL_ENABLE_DEBUG_INFO = NO;
				SDKROOT = iphoneos;
				SWIFT_COMPILATION_MODE = wholemodule;
				SWIFT_OPTIMIZATION_LEVEL = "-O";
				VALIDATE_PRODUCT = YES;
				VERSIONING_SYSTEM = "apple-generic";
				VERSION_INFO_PREFIX = "";
			};
			name = Release;
		};
		7451159620B8316200A3FE9C /* Debug */ = {
			isa = XCBuildConfiguration;
			buildSettings = {
				CLANG_ENABLE_MODULES = YES;
				CODE_SIGN_IDENTITY = "";
				CODE_SIGN_STYLE = Automatic;
				DEFINES_MODULE = YES;
				DYLIB_COMPATIBILITY_VERSION = 1;
				DYLIB_CURRENT_VERSION = 1;
				DYLIB_INSTALL_NAME_BASE = "@rpath";
				INFOPLIST_FILE = JADropDown/Info.plist;
				INSTALL_PATH = "$(LOCAL_LIBRARY_DIR)/Frameworks";
				LD_RUNPATH_SEARCH_PATHS = (
					"$(inherited)",
					"@executable_path/Frameworks",
					"@loader_path/Frameworks",
				);
				PRODUCT_BUNDLE_IDENTIFIER = come.paypal.demo.JADropDown;
				PRODUCT_NAME = "$(TARGET_NAME:c99extidentifier)";
				SKIP_INSTALL = YES;
				SWIFT_OPTIMIZATION_LEVEL = "-Onone";
				SWIFT_VERSION = 4.0;
				TARGETED_DEVICE_FAMILY = "1,2";
			};
			name = Debug;
		};
		7451159720B8316200A3FE9C /* Release */ = {
			isa = XCBuildConfiguration;
			buildSettings = {
				CLANG_ENABLE_MODULES = YES;
				CODE_SIGN_IDENTITY = "";
				CODE_SIGN_STYLE = Automatic;
				DEFINES_MODULE = YES;
				DYLIB_COMPATIBILITY_VERSION = 1;
				DYLIB_CURRENT_VERSION = 1;
				DYLIB_INSTALL_NAME_BASE = "@rpath";
				INFOPLIST_FILE = JADropDown/Info.plist;
				INSTALL_PATH = "$(LOCAL_LIBRARY_DIR)/Frameworks";
				LD_RUNPATH_SEARCH_PATHS = (
					"$(inherited)",
					"@executable_path/Frameworks",
					"@loader_path/Frameworks",
				);
				PRODUCT_BUNDLE_IDENTIFIER = come.paypal.demo.JADropDown;
				PRODUCT_NAME = "$(TARGET_NAME:c99extidentifier)";
				SKIP_INSTALL = YES;
				SWIFT_VERSION = 4.0;
				TARGETED_DEVICE_FAMILY = "1,2";
			};
			name = Release;
		};
		7451159920B8316200A3FE9C /* Debug */ = {
			isa = XCBuildConfiguration;
			buildSettings = {
				ALWAYS_EMBED_SWIFT_STANDARD_LIBRARIES = YES;
				CODE_SIGN_STYLE = Automatic;
				INFOPLIST_FILE = JADropDownTests/Info.plist;
				LD_RUNPATH_SEARCH_PATHS = (
					"$(inherited)",
					"@executable_path/Frameworks",
					"@loader_path/Frameworks",
				);
				PRODUCT_BUNDLE_IDENTIFIER = come.paypal.demo.JADropDownTests;
				PRODUCT_NAME = "$(TARGET_NAME)";
				SWIFT_VERSION = 4.0;
				TARGETED_DEVICE_FAMILY = "1,2";
			};
			name = Debug;
		};
		7451159A20B8316200A3FE9C /* Release */ = {
			isa = XCBuildConfiguration;
			buildSettings = {
				ALWAYS_EMBED_SWIFT_STANDARD_LIBRARIES = YES;
				CODE_SIGN_STYLE = Automatic;
				INFOPLIST_FILE = JADropDownTests/Info.plist;
				LD_RUNPATH_SEARCH_PATHS = (
					"$(inherited)",
					"@executable_path/Frameworks",
					"@loader_path/Frameworks",
				);
				PRODUCT_BUNDLE_IDENTIFIER = come.paypal.demo.JADropDownTests;
				PRODUCT_NAME = "$(TARGET_NAME)";
				SWIFT_VERSION = 4.0;
				TARGETED_DEVICE_FAMILY = "1,2";
			};
			name = Release;
		};
/* End XCBuildConfiguration section */

/* Begin XCConfigurationList section */
		7451157B20B8316100A3FE9C /* Build configuration list for PBXProject "JADropDown" */ = {
			isa = XCConfigurationList;
			buildConfigurations = (
				7451159320B8316200A3FE9C /* Debug */,
				7451159420B8316200A3FE9C /* Release */,
			);
			defaultConfigurationIsVisible = 0;
			defaultConfigurationName = Release;
		};
		7451159520B8316200A3FE9C /* Build configuration list for PBXNativeTarget "JADropDown" */ = {
			isa = XCConfigurationList;
			buildConfigurations = (
				7451159620B8316200A3FE9C /* Debug */,
				7451159720B8316200A3FE9C /* Release */,
			);
			defaultConfigurationIsVisible = 0;
			defaultConfigurationName = Release;
		};
		7451159820B8316200A3FE9C /* Build configuration list for PBXNativeTarget "JADropDownTests" */ = {
			isa = XCConfigurationList;
			buildConfigurations = (
				7451159920B8316200A3FE9C /* Debug */,
				7451159A20B8316200A3FE9C /* Release */,
			);
			defaultConfigurationIsVisible = 0;
			defaultConfigurationName = Release;
		};
/* End XCConfigurationList section */
	};
	rootObject = 7451157820B8316100A3FE9C /* Project object */;
}
